// !$*UTF8*$!
{
	archiveVersion = 1;
	classes = {
	};
	objectVersion = 46;
	objects = {

/* Begin PBXBuildFile section */
		1A7324481A8C3FC20062F54A /* AppDelegate.swift in Sources */ = {isa = PBXBuildFile; fileRef = 1A7324471A8C3FC20062F54A /* AppDelegate.swift */; };
		1A73244A1A8C3FC20062F54A /* ViewController.swift in Sources */ = {isa = PBXBuildFile; fileRef = 1A7324491A8C3FC20062F54A /* ViewController.swift */; };
		1A73244D1A8C3FC20062F54A /* Main.storyboard in Resources */ = {isa = PBXBuildFile; fileRef = 1A73244B1A8C3FC20062F54A /* Main.storyboard */; };
		1A73244F1A8C3FC20062F54A /* Images.xcassets in Resources */ = {isa = PBXBuildFile; fileRef = 1A73244E1A8C3FC20062F54A /* Images.xcassets */; };
		1A7324521A8C3FC20062F54A /* LaunchScreen.xib in Resources */ = {isa = PBXBuildFile; fileRef = 1A7324501A8C3FC20062F54A /* LaunchScreen.xib */; };
		1A73245E1A8C3FC20062F54A /* TestAutoLayoutTests.swift in Sources */ = {isa = PBXBuildFile; fileRef = 1A73245D1A8C3FC20062F54A /* TestAutoLayoutTests.swift */; };
/* End PBXBuildFile section */

/* Begin PBXContainerItemProxy section */
		1A7324581A8C3FC20062F54A /* PBXContainerItemProxy */ = {
			isa = PBXContainerItemProxy;
			containerPortal = 1A73243A1A8C3FC20062F54A /* Project object */;
			proxyType = 1;
			remoteGlobalIDString = 1A7324411A8C3FC20062F54A;
			remoteInfo = TestAutoLayout;
		};
/* End PBXContainerItemProxy section */

/* Begin PBXFileReference section */
		1A7324421A8C3FC20062F54A /* TestAutoLayout.app */ = {isa = PBXFileReference; explicitFileType = wrapper.application; includeInIndex = 0; path = TestAutoLayout.app; sourceTree = BUILT_PRODUCTS_DIR; };
		1A7324461A8C3FC20062F54A /* Info.plist */ = {isa = PBXFileReference; lastKnownFileType = text.plist.xml; path = Info.plist; sourceTree = "<group>"; };
		1A7324471A8C3FC20062F54A /* AppDelegate.swift */ = {isa = PBXFileReference; lastKnownFileType = sourcecode.swift; path = AppDelegate.swift; sourceTree = "<group>"; };
		1A7324491A8C3FC20062F54A /* ViewController.swift */ = {isa = PBXFileReference; lastKnownFileType = sourcecode.swift; path = ViewController.swift; sourceTree = "<group>"; };
		1A73244C1A8C3FC20062F54A /* Base */ = {isa = PBXFileReference; lastKnownFileType = file.storyboard; name = Base; path = Base.lproj/Main.storyboard; sourceTree = "<group>"; };
		1A73244E1A8C3FC20062F54A /* Images.xcassets */ = {isa = PBXFileReference; lastKnownFileType = folder.assetcatalog; path = Images.xcassets; sourceTree = "<group>"; };
		1A7324511A8C3FC20062F54A /* Base */ = {isa = PBXFileReference; lastKnownFileType = file.xib; name = Base; path = Base.lproj/LaunchScreen.xib; sourceTree = "<group>"; };
		1A7324571A8C3FC20062F54A /* TestAutoLayoutTests.xctest */ = {isa = PBXFileReference; explicitFileType = wrapper.cfbundle; includeInIndex = 0; path = TestAutoLayoutTests.xctest; sourceTree = BUILT_PRODUCTS_DIR; };
		1A73245C1A8C3FC20062F54A /* Info.plist */ = {isa = PBXFileReference; lastKnownFileType = text.plist.xml; path = Info.plist; sourceTree = "<group>"; };
		1A73245D1A8C3FC20062F54A /* TestAutoLayoutTests.swift */ = {isa = PBXFileReference; lastKnownFileType = sourcecode.swift; path = TestAutoLayoutTests.swift; sourceTree = "<group>"; };
/* End PBXFileReference section */

/* Begin PBXFrameworksBuildPhase section */
		1A73243F1A8C3FC20062F54A /* Frameworks */ = {
			isa = PBXFrameworksBuildPhase;
			buildActionMask = 2147483647;
			files = (
			);
			runOnlyForDeploymentPostprocessing = 0;
		};
		1A7324541A8C3FC20062F54A /* Frameworks */ = {
			isa = PBXFrameworksBuildPhase;
			buildActionMask = 2147483647;
			files = (
			);
			runOnlyForDeploymentPostprocessing = 0;
		};
/* End PBXFrameworksBuildPhase section */

/* Begin PBXGroup section */
		1A7324391A8C3FC20062F54A = {
			isa = PBXGroup;
			children = (
				1A7324441A8C3FC20062F54A /* TestAutoLayout */,
				1A73245A1A8C3FC20062F54A /* TestAutoLayoutTests */,
				1A7324431A8C3FC20062F54A /* Products */,
			);
			sourceTree = "<group>";
		};
		1A7324431A8C3FC20062F54A /* Products */ = {
			isa = PBXGroup;
			children = (
				1A7324421A8C3FC20062F54A /* TestAutoLayout.app */,
				1A7324571A8C3FC20062F54A /* TestAutoLayoutTests.xctest */,
			);
			name = Products;
			sourceTree = "<group>";
		};
		1A7324441A8C3FC20062F54A /* TestAutoLayout */ = {
			isa = PBXGroup;
			children = (
				1A7324471A8C3FC20062F54A /* AppDelegate.swift */,
				1A7324491A8C3FC20062F54A /* ViewController.swift */,
				1A73244B1A8C3FC20062F54A /* Main.storyboard */,
				1A73244E1A8C3FC20062F54A /* Images.xcassets */,
				1A7324501A8C3FC20062F54A /* LaunchScreen.xib */,
				1A7324451A8C3FC20062F54A /* Supporting Files */,
			);
			path = TestAutoLayout;
			sourceTree = "<group>";
		};
		1A7324451A8C3FC20062F54A /* Supporting Files */ = {
			isa = PBXGroup;
			children = (
				1A7324461A8C3FC20062F54A /* Info.plist */,
			);
			name = "Supporting Files";
			sourceTree = "<group>";
		};
		1A73245A1A8C3FC20062F54A /* TestAutoLayoutTests */ = {
			isa = PBXGroup;
			children = (
				1A73245D1A8C3FC20062F54A /* TestAutoLayoutTests.swift */,
				1A73245B1A8C3FC20062F54A /* Supporting Files */,
			);
			path = TestAutoLayoutTests;
			sourceTree = "<group>";
		};
		1A73245B1A8C3FC20062F54A /* Supporting Files */ = {
			isa = PBXGroup;
			children = (
				1A73245C1A8C3FC20062F54A /* Info.plist */,
			);
			name = "Supporting Files";
			sourceTree = "<group>";
		};
/* End PBXGroup section */

/* Begin PBXNativeTarget section */
		1A7324411A8C3FC20062F54A /* TestAutoLayout */ = {
			isa = PBXNativeTarget;
			buildConfigurationList = 1A7324611A8C3FC20062F54A /* Build configuration list for PBXNativeTarget "TestAutoLayout" */;
			buildPhases = (
				1A73243E1A8C3FC20062F54A /* Sources */,
				1A73243F1A8C3FC20062F54A /* Frameworks */,
				1A7324401A8C3FC20062F54A /* Resources */,
			);
			buildRules = (
			);
			dependencies = (
			);
			name = TestAutoLayout;
			productName = TestAutoLayout;
			productReference = 1A7324421A8C3FC20062F54A /* TestAutoLayout.app */;
			productType = "com.apple.product-type.application";
		};
		1A7324561A8C3FC20062F54A /* TestAutoLayoutTests */ = {
			isa = PBXNativeTarget;
			buildConfigurationList = 1A7324641A8C3FC20062F54A /* Build configuration list for PBXNativeTarget "TestAutoLayoutTests" */;
			buildPhases = (
				1A7324531A8C3FC20062F54A /* Sources */,
				1A7324541A8C3FC20062F54A /* Frameworks */,
				1A7324551A8C3FC20062F54A /* Resources */,
			);
			buildRules = (
			);
			dependencies = (
				1A7324591A8C3FC20062F54A /* PBXTargetDependency */,
			);
			name = TestAutoLayoutTests;
			productName = TestAutoLayoutTests;
			productReference = 1A7324571A8C3FC20062F54A /* TestAutoLayoutTests.xctest */;
			productType = "com.apple.product-type.bundle.unit-test";
		};
/* End PBXNativeTarget section */

/* Begin PBXProject section */
		1A73243A1A8C3FC20062F54A /* Project object */ = {
			isa = PBXProject;
			attributes = {
				LastUpgradeCheck = 0610;
				ORGANIZATIONNAME = "shinsuke.tomita@bizreach.co.jp";
				TargetAttributes = {
					1A7324411A8C3FC20062F54A = {
						CreatedOnToolsVersion = 6.1.1;
					};
					1A7324561A8C3FC20062F54A = {
						CreatedOnToolsVersion = 6.1.1;
						TestTargetID = 1A7324411A8C3FC20062F54A;
					};
				};
			};
			buildConfigurationList = 1A73243D1A8C3FC20062F54A /* Build configuration list for PBXProject "TestAutoLayout" */;
			compatibilityVersion = "Xcode 3.2";
			developmentRegion = English;
			hasScannedForEncodings = 0;
			knownRegions = (
				en,
				Base,
			);
			mainGroup = 1A7324391A8C3FC20062F54A;
			productRefGroup = 1A7324431A8C3FC20062F54A /* Products */;
			projectDirPath = "";
			projectRoot = "";
			targets = (
				1A7324411A8C3FC20062F54A /* TestAutoLayout */,
				1A7324561A8C3FC20062F54A /* TestAutoLayoutTests */,
			);
		};
/* End PBXProject section */

/* Begin PBXResourcesBuildPhase section */
		1A7324401A8C3FC20062F54A /* Resources */ = {
			isa = PBXResourcesBuildPhase;
			buildActionMask = 2147483647;
			files = (
				1A73244D1A8C3FC20062F54A /* Main.storyboard in Resources */,
				1A7324521A8C3FC20062F54A /* LaunchScreen.xib in Resources */,
				1A73244F1A8C3FC20062F54A /* Images.xcassets in Resources */,
			);
			runOnlyForDeploymentPostprocessing = 0;
		};
		1A7324551A8C3FC20062F54A /* Resources */ = {
			isa = PBXResourcesBuildPhase;
			buildActionMask = 2147483647;
			files = (
			);
			runOnlyForDeploymentPostprocessing = 0;
		};
/* End PBXResourcesBuildPhase section */

/* Begin PBXSourcesBuildPhase section */
		1A73243E1A8C3FC20062F54A /* Sources */ = {
			isa = PBXSourcesBuildPhase;
			buildActionMask = 2147483647;
			files = (
				1A73244A1A8C3FC20062F54A /* ViewController.swift in Sources */,
				1A7324481A8C3FC20062F54A /* AppDelegate.swift in Sources */,
			);
			runOnlyForDeploymentPostprocessing = 0;
		};
		1A7324531A8C3FC20062F54A /* Sources */ = {
			isa = PBXSourcesBuildPhase;
			buildActionMask = 2147483647;
			files = (
				1A73245E1A8C3FC20062F54A /* TestAutoLayoutTests.swift in Sources */,
			);
			runOnlyForDeploymentPostprocessing = 0;
		};
/* End PBXSourcesBuildPhase section */

/* Begin PBXTargetDependency section */
		1A7324591A8C3FC20062F54A /* PBXTargetDependency */ = {
			isa = PBXTargetDependency;
			target = 1A7324411A8C3FC20062F54A /* TestAutoLayout */;
			targetProxy = 1A7324581A8C3FC20062F54A /* PBXContainerItemProxy */;
		};
/* End PBXTargetDependency section */

/* Begin PBXVariantGroup section */
		1A73244B1A8C3FC20062F54A /* Main.storyboard */ = {
			isa = PBXVariantGroup;
			children = (
				1A73244C1A8C3FC20062F54A /* Base */,
			);
			name = Main.storyboard;
			sourceTree = "<group>";
		};
		1A7324501A8C3FC20062F54A /* LaunchScreen.xib */ = {
			isa = PBXVariantGroup;
			children = (
				1A7324511A8C3FC20062F54A /* Base */,
			);
			name = LaunchScreen.xib;
			sourceTree = "<group>";
		};
/* End PBXVariantGroup section */

/* Begin XCBuildConfiguration section */
		1A73245F1A8C3FC20062F54A /* Debug */ = {
			isa = XCBuildConfiguration;
			buildSettings = {
				ALWAYS_SEARCH_USER_PATHS = NO;
				CLANG_CXX_LANGUAGE_STANDARD = "gnu++0x";
				CLANG_CXX_LIBRARY = "libc++";
				CLANG_ENABLE_MODULES = YES;
				CLANG_ENABLE_OBJC_ARC = YES;
				CLANG_WARN_BOOL_CONVERSION = YES;
				CLANG_WARN_CONSTANT_CONVERSION = YES;
				CLANG_WARN_DIRECT_OBJC_ISA_USAGE = YES_ERROR;
				CLANG_WARN_EMPTY_BODY = YES;
				CLANG_WARN_ENUM_CONVERSION = YES;
				CLANG_WARN_INT_CONVERSION = YES;
				CLANG_WARN_OBJC_ROOT_CLASS = YES_ERROR;
				CLANG_WARN_UNREACHABLE_CODE = YES;
				CLANG_WARN__DUPLICATE_METHOD_MATCH = YES;
				"CODE_SIGN_IDENTITY[sdk=iphoneos*]" = "iPhone Developer";
				COPY_PHASE_STRIP = NO;
				ENABLE_STRICT_OBJC_MSGSEND = YES;
				GCC_C_LANGUAGE_STANDARD = gnu99;
				GCC_DYNAMIC_NO_PIC = NO;
				GCC_OPTIMIZATION_LEVEL = 0;
				GCC_PREPROCESSOR_DEFINITIONS = (
					"DEBUG=1",
					"$(inherited)",
				);
				GCC_SYMBOLS_PRIVATE_EXTERN = NO;
				GCC_WARN_64_TO_32_BIT_CONVERSION = YES;
				GCC_WARN_ABOUT_RETURN_TYPE = YES_ERROR;
				GCC_WARN_UNDECLARED_SELECTOR = YES;
				GCC_WARN_UNINITIALIZED_AUTOS = YES_AGGRESSIVE;
				GCC_WARN_UNUSED_FUNCTION = YES;
				GCC_WARN_UNUSED_VARIABLE = YES;
				IPHONEOS_DEPLOYMENT_TARGET = 8.1;
				MTL_ENABLE_DEBUG_INFO = YES;
				ONLY_ACTIVE_ARCH = YES;
				SDKROOT = iphoneos;
				SWIFT_OPTIMIZATION_LEVEL = "-Onone";
			};
			name = Debug;
		};
		1A7324601A8C3FC20062F54A /* Release */ = {
			isa = XCBuildConfiguration;
			buildSettings = {
				ALWAYS_SEARCH_USER_PATHS = NO;
				CLANG_CXX_LANGUAGE_STANDARD = "gnu++0x";
				CLANG_CXX_LIBRARY = "libc++";
				CLANG_ENABLE_MODULES = YES;
				CLANG_ENABLE_OBJC_ARC = YES;
				CLANG_WARN_BOOL_CONVERSION = YES;
				CLANG_WARN_CONSTANT_CONVERSION = YES;
				CLANG_WARN_DIRECT_OBJC_ISA_USAGE = YES_ERROR;
				CLANG_WARN_EMPTY_BODY = YES;
				CLANG_WARN_ENUM_CONVERSION = YES;
				CLANG_WARN_INT_CONVERSION = YES;
				CLANG_WARN_OBJC_ROOT_CLASS = YES_ERROR;
				CLANG_WARN_UNREACHABLE_CODE = YES;
				CLANG_WARN__DUPLICATE_METHOD_MATCH = YES;
				"CODE_SIGN_IDENTITY[sdk=iphoneos*]" = "iPhone Developer";
				COPY_PHASE_STRIP = YES;
				ENABLE_NS_ASSERTIONS = NO;
				ENABLE_STRICT_OBJC_MSGSEND = YES;
				GCC_C_LANGUAGE_STANDARD = gnu99;
				GCC_WARN_64_TO_32_BIT_CONVERSION = YES;
				GCC_WARN_ABOUT_RETURN_TYPE = YES_ERROR;
				GCC_WARN_UNDECLARED_SELECTOR = YES;
				GCC_WARN_UNINITIALIZED_AUTOS = YES_AGGRESSIVE;
				GCC_WARN_UNUSED_FUNCTION = YES;
				GCC_WARN_UNUSED_VARIABLE = YES;
				IPHONEOS_DEPLOYMENT_TARGET = 8.1;
				MTL_ENABLE_DEBUG_INFO = NO;
				SDKROOT = iphoneos;
				VALIDATE_PRODUCT = YES;
			};
			name = Release;
		};
		1A7324621A8C3FC20062F54A /* Debug */ = {
			isa = XCBuildConfiguration;
			buildSettings = {
				ASSETCATALOG_COMPILER_APPICON_NAME = AppIcon;
				INFOPLIST_FILE = TestAutoLayout/Info.plist;
				LD_RUNPATH_SEARCH_PATHS = "$(inherited) @executable_path/Frameworks";
				PRODUCT_NAME = "$(TARGET_NAME)";
			};
			name = Debug;
		};
		1A7324631A8C3FC20062F54A /* Release */ = {
			isa = XCBuildConfiguration;
			buildSettings = {
				ASSETCATALOG_COMPILER_APPICON_NAME = AppIcon;
				INFOPLIST_FILE = TestAutoLayout/Info.plist;
				LD_RUNPATH_SEARCH_PATHS = "$(inherited) @executable_path/Frameworks";
				PRODUCT_NAME = "$(TARGET_NAME)";
			};
			name = Release;
		};
		1A7324651A8C3FC20062F54A /* Debug */ = {
			isa = XCBuildConfiguration;
			buildSettings = {
				BUNDLE_LOADER = "$(TEST_HOST)";
				FRAMEWORK_SEARCH_PATHS = (
					"$(SDKROOT)/Developer/Library/Frameworks",
					"$(inherited)",
				);
				GCC_PREPROCESSOR_DEFINITIONS = (
					"DEBUG=1",
					"$(inherited)",
				);
				INFOPLIST_FILE = TestAutoLayoutTests/Info.plist;
				LD_RUNPATH_SEARCH_PATHS = "$(inherited) @executable_path/Frameworks @loader_path/Frameworks";
				PRODUCT_NAME = "$(TARGET_NAME)";
				TEST_HOST = "$(BUILT_PRODUCTS_DIR)/TestAutoLayout.app/TestAutoLayout";
			};
			name = Debug;
		};
		1A7324661A8C3FC20062F54A /* Release */ = {
			isa = XCBuildConfiguration;
			buildSettings = {
				BUNDLE_LOADER = "$(TEST_HOST)";
				FRAMEWORK_SEARCH_PATHS = (
					"$(SDKROOT)/Developer/Library/Frameworks",
					"$(inherited)",
				);
				INFOPLIST_FILE = TestAutoLayoutTests/Info.plist;
				LD_RUNPATH_SEARCH_PATHS = "$(inherited) @executable_path/Frameworks @loader_path/Frameworks";
				PRODUCT_NAME = "$(TARGET_NAME)";
				TEST_HOST = "$(BUILT_PRODUCTS_DIR)/TestAutoLayout.app/TestAutoLayout";
			};
			name = Release;
		};
/* End XCBuildConfiguration section */

/* Begin XCConfigurationList section */
		1A73243D1A8C3FC20062F54A /* Build configuration list for PBXProject "TestAutoLayout" */ = {
			isa = XCConfigurationList;
			buildConfigurations = (
				1A73245F1A8C3FC20062F54A /* Debug */,
				1A7324601A8C3FC20062F54A /* Release */,
			);
			defaultConfigurationIsVisible = 0;
			defaultConfigurationName = Release;
		};
		1A7324611A8C3FC20062F54A /* Build configuration list for PBXNativeTarget "TestAutoLayout" */ = {
			isa = XCConfigurationList;
			buildConfigurations = (
				1A7324621A8C3FC20062F54A /* Debug */,
				1A7324631A8C3FC20062F54A /* Release */,
			);
			defaultConfigurationIsVisible = 0;
		};
		1A7324641A8C3FC20062F54A /* Build configuration list for PBXNativeTarget "TestAutoLayoutTests" */ = {
			isa = XCConfigurationList;
			buildConfigurations = (
				1A7324651A8C3FC20062F54A /* Debug */,
				1A7324661A8C3FC20062F54A /* Release */,
			);
			defaultConfigurationIsVisible = 0;
		};
/* End XCConfigurationList section */
	};
	rootObject = 1A73243A1A8C3FC20062F54A /* Project object */;
}
